schema_version=1
project=trinity_sn32f407
scope=S0_CLEAN_EXACT_TARGET_KEIL_PROJECT

[repository_identity]
trinity_repository=hoafff/fpga_mcu_trinity
pre_change_commit=420c995eb6b64a327ec176b444139f5572da566d
post_change_commit=SELF
post_change_note=The commit containing this file; a Git commit cannot embed its own SHA without changing that SHA.
known_good_donor_repository=hoafff/MCU_dong_ho_so
known_good_donor_commit=d4412745f30f518f1c7a128cc494fa2678b4926c
hardware_documents_repository=hoafff/tai_lieu_bo_mach
hardware_documents_commit=0d78b6a4bdfa2732ca000851b08be13fb9294a6d

[exact_target]
device=SN32F407F
vendor=SONiX
cpu=Cortex-M0
clock_hz=12000000
iram_start=0x20000000
iram_size=0x2000
irom_start=0x00000000
irom_size=0x7FFC
keil_uvision=5.43.1
compiler=ArmClang_6.24
compiler_family=ARM_Compiler_6
dfp=SONiX.SN32F4_DFP.1.1.1
cmsis_package=ARM.CMSIS.6.3.0
cmsis_core_component=6.2.0
startup_component=SONiX_Device_Startup_1.0.1
startup_instance=RTE/Device/SN32F407F/startup_SN32F400.s
startup_file_version=1.0.3
system_instance=RTE/Device/SN32F407F/system_SN32F400.c
system_file_version=1.0.1
device_header=SN32F400.h
stack_bytes=0x200
heap_bytes=0x0
linker_memory_source=Keil_Target_Options_auto_scatter

[committed_project_files]
sn32/keil/trinity_sn32f407.uvprojx=written_new_from_reviewed_donor_metadata
sn32/keil/SOURCES.lock=written_new
sn32/keil/README_BUILD.md=written_new
sn32/config/trinity_build_config.h=written_new
sn32/src/app/trinity_main.c=written_new
sn32/tests/s0/check_s0_project.py=written_new

[compiled_application_source]
sn32/src/app/trinity_main.c=Trinity_v0.4_new_source

[compiled_pack_sources_generated_by_keil]
RTE/Device/SN32F407F/startup_SN32F400.s=SONiX.SN32F4_DFP.1.1.1
RTE/Device/SN32F407F/system_SN32F400.c=SONiX.SN32F4_DFP.1.1.1
SN32F400.h=SONiX.SN32F4_DFP.1.1.1_Device_Include
CMSIS_Core_Include=ARM.CMSIS.6.3.0

[reviewed_donor_files]
hhhh.uvprojx=blob_ebad003f158dadf146d86afb91d49b32d21bdb99
RTE/_Target_1/RTE_Components.h=blob_682453b03aced36b3ac66e15454ec1c4bbc24232
RTE/Device/SN32F407F/startup_SN32F400.s=blob_77818829ad76fd2e2d59d2b2d839eab11144ae78
RTE/Device/SN32F407F/system_SN32F400.c=blob_e816c0fca86e4a1dcf6ce5185c9610c8ca7dc3a2
Objects/hhhh.build_log.htm=blob_2f90395fe0406a17799ce184f902492823bf6723
src/main.c=blob_dac17730be56eb63303961ae27ced3f27221a892
src/board.c=blob_3c841ccea573266f45d39fa82e7d2c23209a0e1e
src/clock.c=blob_991c503afbf338fb4485ca633ad962099cb55309
src/gpio.c=blob_17dbfc1acc6b03626411d323c55e0826791838bb
src/systick.c=blob_bf87f9bcdcc420409b5c856c02ef18242b0beb2a
include/board.h=blob_6123fe6bf952126f78309f0b1c914efce3494e9b
include/clock.h=blob_acedc3f7029294e47b5cadad3d2fdda20211f88d
include/gpio.h=blob_2f5ec743c4452f01dd3dee5312dec5e436aff1b6
include/systick.h=blob_c1e096c3efa77aca80c3deb54cc7a90a74277ef9

[reviewed_hardware_sources]
407-20260726T034611Z-1-001/407/Circuit_407/32F407 EVK V1.0.pdf=path_verified_at_hardware_documents_commit
407-20260726T034611Z-1-001/407/Install Package/Pack/SONiX.SN32F4_DFP.1.1.1.pack=path_verified_at_hardware_documents_commit
407-20260726T034611Z-1-001/407/SN32F400_CMSIS_Firmware_Library_V1.5R (2)/SN32F400_CMSIS_Firmware_Library_V1.5R/CMSIS Firmware Library_V1.4/ClockSwitch/PFPA.c=blob_822e15d8f3f1e5bbd60dbddd82b231b964525d8b

[explicitly_excluded_from_build]
sn32/firmware/platform/sn32f407/fpst_sn32f407_main.c=legacy_FPST_not_Trinity_v0.4
sn32/firmware/platform/sn32f407/fpst_sn32f407_dual_main.c=legacy_P1_to_MCU_to_P2_payload_relay
sn32/firmware/platform/sn32f407/fpst_sn32f407_port.c=legacy_reference_only
MCU_dong_ho_so/src/main.c=clock_application_logic_not_copied
MCU_dong_ho_so/src/clock.c=reviewed_but_not_copied
MCU_dong_ho_so/src/board.c=reviewed_but_not_copied
MCU_dong_ho_so/src/gpio.c=reviewed_but_not_copied
MCU_dong_ho_so/src/systick.c=reviewed_but_not_copied
MCU_dong_ho_so/Objects=build_artifacts_not_copied
MCU_dong_ho_so/uvguix=user_metadata_not_copied

[s0_feature_state]
TRINITY_ENABLE_PC_UART=0
TRINITY_ENABLE_SPI=0
TRINITY_ENABLE_MLKEM=0
TRINITY_ENABLE_TINY_SESSION_COMMIT=0
TRINITY_ENABLE_DEMO_SECURE=0

[verification_scope]
project_xml=static_checked
portable_s0_checker=run_before_commit
armclang_build=NOT_RUN_IN_WEB_ENVIRONMENT
axf=NOT_GENERATED_IN_WEB_ENVIRONMENT
hex=NOT_GENERATED_IN_WEB_ENVIRONMENT
map=NOT_GENERATED_IN_WEB_ENVIRONMENT
hardware=NOT_TESTED_BY_THIS_COMMIT
